
Microsoft Visual Studio Solution File, Format Version 12.00
# Visual Studio Version 17
VisualStudioVersion = 17.0.31903.59
MinimumVisualStudioVersion = 10.0.40219.1
Project("{2150E333-8FDC-42A3-9474-1A3956D46DE8}") = "src", "src", "{827E0CD3-B72D-47B6-A68D-7590B98EB39B}"
EndProject
Project("{FAE04EC0-301F-11D3-BF4B-00C04F79EFBC}") = "Swapzy.Core", "src\Swapzy.Core\Swapzy.Core.csproj", "{18FB4621-CD12-4824-9FD2-C45F4EEDF9AC}"
EndProject
Project("{FAE04EC0-301F-11D3-BF4B-00C04F79EFBC}") = "Swapzy.Application", "src\Swapzy.Application\Swapzy.Application.csproj", "{9BEFE558-2129-4981-8D44-17E2185FEB62}"
EndProject
Project("{FAE04EC0-301F-11D3-BF4B-00C04F79EFBC}") = "Swapzy.Infrastructure", "src\Swapzy.Infrastructure\Swapzy.Infrastructure.csproj", "{6681575C-8B89-441B-BFCE-069D8AE527F4}"
EndProject
Project("{FAE04EC0-301F-11D3-BF4B-00C04F79EFBC}") = "Swapzy.Lambda", "src\Swapzy.Lambda\Swapzy.Lambda.csproj", "{A95F10A2-8DC5-42EC-6940-29E07F2CD720}"
EndProject
Project("{2150E333-8FDC-42A3-9474-1A3956D46DE8}") = "database", "database", "{02EA681E-C7D8-13C7-8484-4AC65E1B71E8}"
EndProject
Project("{2150E333-8FDC-42A3-9474-1A3956D46DE8}") = "StoredProcedures", "StoredProcedures", "{8FA6D900-0E99-45D8-8926-239D48CF5F26}"
	ProjectSection(SolutionItems) = preProject
		sp_seed_authorization_data.sql = sp_seed_authorization_data.sql
	EndProjectSection
EndProject
Global
	GlobalSection(SolutionConfigurationPlatforms) = preSolution
		Debug|Any CPU = Debug|Any CPU
		Debug|x64 = Debug|x64
		Debug|x86 = Debug|x86
		Release|Any CPU = Release|Any CPU
		Release|x64 = Release|x64
		Release|x86 = Release|x86
	EndGlobalSection
	GlobalSection(ProjectConfigurationPlatforms) = postSolution
		{18FB4621-CD12-4824-9FD2-C45F4EEDF9AC}.Debug|Any CPU.ActiveCfg = Debug|Any CPU
		{18FB4621-CD12-4824-9FD2-C45F4EEDF9AC}.Debug|Any CPU.Build.0 = Debug|Any CPU
		{18FB4621-CD12-4824-9FD2-C45F4EEDF9AC}.Debug|x64.ActiveCfg = Debug|Any CPU
		{18FB4621-CD12-4824-9FD2-C45F4EEDF9AC}.Debug|x64.Build.0 = Debug|Any CPU
		{18FB4621-CD12-4824-9FD2-C45F4EEDF9AC}.Debug|x86.ActiveCfg = Debug|Any CPU
		{18FB4621-CD12-4824-9FD2-C45F4EEDF9AC}.Debug|x86.Build.0 = Debug|Any CPU
		{18FB4621-CD12-4824-9FD2-C45F4EEDF9AC}.Release|Any CPU.ActiveCfg = Release|Any CPU
		{18FB4621-CD12-4824-9FD2-C45F4EEDF9AC}.Release|Any CPU.Build.0 = Release|Any CPU
		{18FB4621-CD12-4824-9FD2-C45F4EEDF9AC}.Release|x64.ActiveCfg = Release|Any CPU
		{18FB4621-CD12-4824-9FD2-C45F4EEDF9AC}.Release|x64.Build.0 = Release|Any CPU
		{18FB4621-CD12-4824-9FD2-C45F4EEDF9AC}.Release|x86.ActiveCfg = Release|Any CPU
		{18FB4621-CD12-4824-9FD2-C45F4EEDF9AC}.Release|x86.Build.0 = Release|Any CPU
		{9BEFE558-2129-4981-8D44-17E2185FEB62}.Debug|Any CPU.ActiveCfg = Debug|Any CPU
		{9BEFE558-2129-4981-8D44-17E2185FEB62}.Debug|Any CPU.Build.0 = Debug|Any CPU
		{9BEFE558-2129-4981-8D44-17E2185FEB62}.Debug|x64.ActiveCfg = Debug|Any CPU
		{9BEFE558-2129-4981-8D44-17E2185FEB62}.Debug|x64.Build.0 = Debug|Any CPU
		{9BEFE558-2129-4981-8D44-17E2185FEB62}.Debug|x86.ActiveCfg = Debug|Any CPU
		{9BEFE558-2129-4981-8D44-17E2185FEB62}.Debug|x86.Build.0 = Debug|Any CPU
		{9BEFE558-2129-4981-8D44-17E2185FEB62}.Release|Any CPU.ActiveCfg = Release|Any CPU
		{9BEFE558-2129-4981-8D44-17E2185FEB62}.Release|Any CPU.Build.0 = Release|Any CPU
		{9BEFE558-2129-4981-8D44-17E2185FEB62}.Release|x64.ActiveCfg = Release|Any CPU
		{9BEFE558-2129-4981-8D44-17E2185FEB62}.Release|x64.Build.0 = Release|Any CPU
		{9BEFE558-2129-4981-8D44-17E2185FEB62}.Release|x86.ActiveCfg = Release|Any CPU
		{9BEFE558-2129-4981-8D44-17E2185FEB62}.Release|x86.Build.0 = Release|Any CPU
		{6681575C-8B89-441B-BFCE-069D8AE527F4}.Debug|Any CPU.ActiveCfg = Debug|Any CPU
		{6681575C-8B89-441B-BFCE-069D8AE527F4}.Debug|Any CPU.Build.0 = Debug|Any CPU
		{6681575C-8B89-441B-BFCE-069D8AE527F4}.Debug|x64.ActiveCfg = Debug|Any CPU
		{6681575C-8B89-441B-BFCE-069D8AE527F4}.Debug|x64.Build.0 = Debug|Any CPU
		{6681575C-8B89-441B-BFCE-069D8AE527F4}.Debug|x86.ActiveCfg = Debug|Any CPU
		{6681575C-8B89-441B-BFCE-069D8AE527F4}.Debug|x86.Build.0 = Debug|Any CPU
		{6681575C-8B89-441B-BFCE-069D8AE527F4}.Release|Any CPU.ActiveCfg = Release|Any CPU
		{6681575C-8B89-441B-BFCE-069D8AE527F4}.Release|Any CPU.Build.0 = Release|Any CPU
		{6681575C-8B89-441B-BFCE-069D8AE527F4}.Release|x64.ActiveCfg = Release|Any CPU
		{6681575C-8B89-441B-BFCE-069D8AE527F4}.Release|x64.Build.0 = Release|Any CPU
		{6681575C-8B89-441B-BFCE-069D8AE527F4}.Release|x86.ActiveCfg = Release|Any CPU
		{6681575C-8B89-441B-BFCE-069D8AE527F4}.Release|x86.Build.0 = Release|Any CPU
		{A95F10A2-8DC5-42EC-6940-29E07F2CD720}.Debug|Any CPU.ActiveCfg = Debug|Any CPU
		{A95F10A2-8DC5-42EC-6940-29E07F2CD720}.Debug|Any CPU.Build.0 = Debug|Any CPU
		{A95F10A2-8DC5-42EC-6940-29E07F2CD720}.Debug|x64.ActiveCfg = Debug|Any CPU
		{A95F10A2-8DC5-42EC-6940-29E07F2CD720}.Debug|x64.Build.0 = Debug|Any CPU
		{A95F10A2-8DC5-42EC-6940-29E07F2CD720}.Debug|x86.ActiveCfg = Debug|Any CPU
		{A95F10A2-8DC5-42EC-6940-29E07F2CD720}.Debug|x86.Build.0 = Debug|Any CPU
		{A95F10A2-8DC5-42EC-6940-29E07F2CD720}.Release|Any CPU.ActiveCfg = Release|Any CPU
		{A95F10A2-8DC5-42EC-6940-29E07F2CD720}.Release|Any CPU.Build.0 = Release|Any CPU
		{A95F10A2-8DC5-42EC-6940-29E07F2CD720}.Release|x64.ActiveCfg = Release|Any CPU
		{A95F10A2-8DC5-42EC-6940-29E07F2CD720}.Release|x64.Build.0 = Release|Any CPU
		{A95F10A2-8DC5-42EC-6940-29E07F2CD720}.Release|x86.ActiveCfg = Release|Any CPU
		{A95F10A2-8DC5-42EC-6940-29E07F2CD720}.Release|x86.Build.0 = Release|Any CPU
	EndGlobalSection
	GlobalSection(SolutionProperties) = preSolution
		HideSolutionNode = FALSE
	EndGlobalSection
	GlobalSection(NestedProjects) = preSolution
		{18FB4621-CD12-4824-9FD2-C45F4EEDF9AC} = {827E0CD3-B72D-47B6-A68D-7590B98EB39B}
		{9BEFE558-2129-4981-8D44-17E2185FEB62} = {827E0CD3-B72D-47B6-A68D-7590B98EB39B}
		{6681575C-8B89-441B-BFCE-069D8AE527F4} = {827E0CD3-B72D-47B6-A68D-7590B98EB39B}
		{A95F10A2-8DC5-42EC-6940-29E07F2CD720} = {827E0CD3-B72D-47B6-A68D-7590B98EB39B}
		{8FA6D900-0E99-45D8-8926-239D48CF5F26} = {02EA681E-C7D8-13C7-8484-4AC65E1B71E8}
	EndGlobalSection
	GlobalSection(ExtensibilityGlobals) = postSolution
		SolutionGuid = {DD5C8337-180D-422D-BC87-88B924A44B72}
	EndGlobalSection
EndGlobal
